# This file is autogenerated, do not edit; changes may be undone by the next 'dep ensure'.


[[projects]]
  name = "github.com/PuerkitoBio/purell"
  packages = ["."]
  revision = "44968752391892e1b0d0b821ee79e9a85fa13049"
  version = "v1.1.1"

[[projects]]
  branch = "master"
  name = "github.com/PuerkitoBio/urlesc"
  packages = ["."]
  revision = "de5bf2ad457846296e2031421a34e2568e304e35"

[[projects]]
  name = "github.com/asaskevich/govalidator"
  packages = ["."]
  revision = "475eaeb164960a651e97470412a7d3b0c5036105"
  version = "v10"

[[projects]]
  name = "github.com/docker/go-units"
  packages = ["."]
  revision = "519db1ee28dcc9fd2474ae59fca29a810482bfb1"
  version = "v0.4.0"

[[projects]]
  name = "github.com/go-openapi/analysis"
  packages = [".","internal"]
  revision = "421cb960388d1c41b1d4f0eee5300257ac289c97"
  version = "v0.19.10"

[[projects]]
  name = "github.com/go-openapi/errors"
  packages = ["."]
  revision = "7f2246786dd6ea01e5e7fe8e0229a53ea48bc6c4"
  version = "v0.19.6"

[[projects]]
  name = "github.com/go-openapi/jsonpointer"
  packages = ["."]
  revision = "ed123515f087412cd7ef02e49b0b0a5e6a79a360"
  version = "v0.19.3"

[[projects]]
  name = "github.com/go-openapi/jsonreference"
  packages = ["."]
  revision = "82f31475a8f7a12bc26962f6e26ceade8ea6f66a"
  version = "v0.19.3"

[[projects]]
  name = "github.com/go-openapi/loads"
  packages = ["."]
  revision = "18bb1f3437c08e833e5f629003bafc2a3884d19f"
  version = "v0.19.5"

[[projects]]
  name = "github.com/go-openapi/runtime"
  packages = [".","flagext","logger","middleware","middleware/denco","middleware/header","middleware/untyped","security"]
  revision = "095c1f4bf69916ab8880bf248ceb2771b448bcb8"
  version = "v0.19.19"

[[projects]]
  name = "github.com/go-openapi/spec"
  packages = ["."]
  revision = "1a91a85df30408d932152159dc7aac569a39cac9"
  version = "v0.19.8"

[[projects]]
  name = "github.com/go-openapi/strfmt"
  packages = ["."]
  revision = "2887e74ed0fe2aea628affe322b19fc3112f98cd"
  version = "v0.19.5"

[[projects]]
  name = "github.com/go-openapi/swag"
  packages = ["."]
  revision = "ab98f8e6456407f6afd63e441c5304d6ef60cb7f"
  version = "v0.19.9"

[[projects]]
  name = "github.com/go-openapi/validate"
  packages = ["."]
  revision = "b4358e2166e999e752797fead269fb411dc700f7"
  version = "v0.19.10"

[[projects]]
  name = "github.com/go-stack/stack"
  packages = ["."]
  revision = "2fee6af1a9795aafbe0253a0cfbdf668e1fb8a9a"
  version = "v1.8.0"

[[projects]]
  name = "github.com/jessevdk/go-flags"
  packages = ["."]
  revision = "c6ca198ec95c841fdb89fc0de7496fed11ab854e"
  version = "v1.4.0"

[[projects]]
  name = "github.com/mailru/easyjson"
  packages = ["buffer","jlexer","jwriter"]
  revision = "8edcc4e51f39ddbd3505a3386aff3f435a7fd028"
  version = "v0.7.1"

[[projects]]
  name = "github.com/mitchellh/mapstructure"
  packages = ["."]
  revision = "d16e9488127408e67948eb43b6d3fbb9f222da10"
  version = "v1.3.2"

[[projects]]
  name = "go.mongodb.org/mongo-driver"
  packages = ["bson","bson/bsoncodec","bson/bsonoptions","bson/bsonrw","bson/bsontype","bson/primitive","x/bsonx/bsoncore"]
  revision = "4ce2db174a8ec022f504b9bc0e768e284e44708f"
  version = "v1.3.4"

[[projects]]
  branch = "master"
  name = "golang.org/x/net"
  packages = ["idna","netutil"]
  revision = "4c5254603344ea4a8ae4bed7e296a9588303e14f"

[[projects]]
  name = "golang.org/x/text"
  packages = ["collate","collate/build","internal/colltab","internal/gen","internal/language","internal/language/compact","internal/tag","internal/triegen","internal/ucd","language","secure/bidirule","transform","unicode/bidi","unicode/cldr","unicode/norm","unicode/rangetable","width"]
  revision = "23ae387dee1f90d29a23c0e87ee0b46038fbed0e"
  version = "v0.3.3"

[[projects]]
  name = "gopkg.in/yaml.v2"
  packages = ["."]
  revision = "0b1645d91e851e735d3e23330303ce81f70adbe3"
  version = "v2.3.0"

[solve-meta]
  analyzer-name = "dep"
  analyzer-version = 1
  inputs-digest = "3e9535a3e480f99d982605544d94a57ad8967f6ef8b17bb81ca98b4f12cc2e0a"
  solver-name = "gps-cdcl"
  solver-version = 1
