github.com/streadway/amqp v1.0.0 h1:kuuDrUJFZL1QYL9hUNuCxNObNzB0bV/ZG5jV3RWAQgo=
github.com/streadway/amqp v1.0.0/go.mod h1:AZpEONHx3DKn8O/DFsRAY58/XVQiIPMTMB1SddzLXVw=
github.com/wyllisMonteiro/mailing v0.0.0-20200625155400-a036cafee65b h1:kBp7NlrDTo330zJe3jNa3+eK/nyJPfzvlo0CG06txBw=
github.com/wyllisMonteiro/mailing/api v0.0.0-20200625155400-a036cafee65b h1:L4U/QvoEhH03T4MzNRqLkmJtHh/Fow2PSUroz5N0L2o=
